
Microsoft Visual Studio Solution File, Format Version 12.00
# Visual Studio 15
VisualStudioVersion = 15.0.27703.2035
MinimumVisualStudioVersion = 10.0.40219.1
Project("{FAE04EC0-301F-11D3-BF4B-00C04F79EFBC}") = "WebApplication18", "WebApplication18\WebApplication18.csproj", "{AEAE8FD0-C749-4C70-BA03-E25685711E45}"
EndProject
Global
	GlobalSection(SolutionConfigurationPlatforms) = preSolution
		Debug|Any CPU = Debug|Any CPU
		Release|Any CPU = Release|Any CPU
	EndGlobalSection
	GlobalSection(ProjectConfigurationPlatforms) = postSolution
		{AEAE8FD0-C749-4C70-BA03-E25685711E45}.Debug|Any CPU.ActiveCfg = Debug|Any CPU
		{AEAE8FD0-C749-4C70-BA03-E25685711E45}.Debug|Any CPU.Build.0 = Debug|Any CPU
		{AEAE8FD0-C749-4C70-BA03-E25685711E45}.Release|Any CPU.ActiveCfg = Release|Any CPU
		{AEAE8FD0-C749-4C70-BA03-E25685711E45}.Release|Any CPU.Build.0 = Release|Any CPU
	EndGlobalSection
	GlobalSection(SolutionProperties) = preSolution
		HideSolutionNode = FALSE
	EndGlobalSection
	GlobalSection(ExtensibilityGlobals) = postSolution
		SolutionGuid = {288BDA6C-8E6B-4D13-8BE7-A7699D8E9F7C}
	EndGlobalSection
EndGlobal
